
Microsoft Visual Studio Solution File, Format Version 12.00
# Visual Studio Version 17
VisualStudioVersion = 17.10.34928.147
MinimumVisualStudioVersion = 10.0.40219.1
Project("{FAE04EC0-301F-11D3-BF4B-00C04F79EFBC}") = "CurrencyConverterStaticData", "CurrencyConverter\CurrencyConverterStaticData.csproj", "{14312E91-B79B-4613-BF77-CD706EB91543}"
EndProject
Project("{FAE04EC0-301F-11D3-BF4B-00C04F79EFBC}") = "CurrencyConverter_Database", "CurrencyConverter_Database\CurrencyConverter_Database.csproj", "{C6A056E1-35E1-47E9-88F7-99CE686C5328}"
EndProject
Global
	GlobalSection(SolutionConfigurationPlatforms) = preSolution
		Debug|Any CPU = Debug|Any CPU
		Release|Any CPU = Release|Any CPU
	EndGlobalSection
	GlobalSection(ProjectConfigurationPlatforms) = postSolution
		{14312E91-B79B-4613-BF77-CD706EB91543}.Debug|Any CPU.ActiveCfg = Debug|Any CPU
		{14312E91-B79B-4613-BF77-CD706EB91543}.Debug|Any CPU.Build.0 = Debug|Any CPU
		{14312E91-B79B-4613-BF77-CD706EB91543}.Release|Any CPU.ActiveCfg = Release|Any CPU
		{14312E91-B79B-4613-BF77-CD706EB91543}.Release|Any CPU.Build.0 = Release|Any CPU
		{C6A056E1-35E1-47E9-88F7-99CE686C5328}.Debug|Any CPU.ActiveCfg = Debug|Any CPU
		{C6A056E1-35E1-47E9-88F7-99CE686C5328}.Debug|Any CPU.Build.0 = Debug|Any CPU
		{C6A056E1-35E1-47E9-88F7-99CE686C5328}.Release|Any CPU.ActiveCfg = Release|Any CPU
		{C6A056E1-35E1-47E9-88F7-99CE686C5328}.Release|Any CPU.Build.0 = Release|Any CPU
	EndGlobalSection
	GlobalSection(SolutionProperties) = preSolution
		HideSolutionNode = FALSE
	EndGlobalSection
	GlobalSection(ExtensibilityGlobals) = postSolution
		SolutionGuid = {1595A2BD-7C3C-45B2-A601-4168946E4493}
	EndGlobalSection
EndGlobal
